[[dependencies]]
name = "forge-std"
version = "1.9.7"
url = "https://soldeer-revisions.s3.amazonaws.com/forge-std/1_9_7_28-04-2025_15:55:08_forge-std-1.9.zip"
checksum = "8d9e0a885fa8ee6429a4d344aeb6799119f6a94c7c4fe6f188df79b0dce294ba"
integrity = "9e60fdba82bc374df80db7f2951faff6467b9091873004a3d314cf0c084b3c7d"

[[dependencies]]
name = "solmate"
version = "6.8.0"
url = "https://soldeer-revisions.s3.amazonaws.com/solmate/6_8_0_29-10-2024_19:01:45_solmate.zip"
checksum = "e3ec0f0182cb3bbedecf8a0bcc39897266534a795ec732b2b03dafa285d78a5b"
integrity = "a22e5a352de0231f671ee8adf5667bbe83c50012670083987bd1099a69feb429"
